
Microsoft Visual Studio Solution File, Format Version 12.00
# Visual Studio Version 16
VisualStudioVersion = 16.0.31829.152
MinimumVisualStudioVersion = 10.0.40219.1
Project("{FAE04EC0-301F-11D3-BF4B-00C04F79EFBC}") = "PasswordGenerator", "PasswordGenerator\PasswordGenerator.csproj", "{5F40501B-69E7-440D-B294-26843028CE36}"
EndProject
Global
	GlobalSection(SolutionConfigurationPlatforms) = preSolution
		Debug|Any CPU = Debug|Any CPU
		Release|Any CPU = Release|Any CPU
	EndGlobalSection
	GlobalSection(ProjectConfigurationPlatforms) = postSolution
		{5F40501B-69E7-440D-B294-26843028CE36}.Debug|Any CPU.ActiveCfg = Debug|Any CPU
		{5F40501B-69E7-440D-B294-26843028CE36}.Debug|Any CPU.Build.0 = Debug|Any CPU
		{5F40501B-69E7-440D-B294-26843028CE36}.Release|Any CPU.ActiveCfg = Release|Any CPU
		{5F40501B-69E7-440D-B294-26843028CE36}.Release|Any CPU.Build.0 = Release|Any CPU
	EndGlobalSection
	GlobalSection(SolutionProperties) = preSolution
		HideSolutionNode = FALSE
	EndGlobalSection
	GlobalSection(ExtensibilityGlobals) = postSolution
		SolutionGuid = {70B73CD0-6692-4839-90F1-A40851100BBE}
	EndGlobalSection
EndGlobal
